
Microsoft Visual Studio Solution File, Format Version 12.00
# Visual Studio 2013
VisualStudioVersion = 12.0.40629.0
MinimumVisualStudioVersion = 10.0.40219.1
Project("{FAE04EC0-301F-11D3-BF4B-00C04F79EFBC}") = "Parser", "Parser\Parser.csproj", "{DB682E9B-EC23-4CAD-815A-500E9185F6F1}"
EndProject
Project("{FAE04EC0-301F-11D3-BF4B-00C04F79EFBC}") = "Terminal", "Terminal\Terminal.csproj", "{5720DAD4-59DD-4651-B7DC-CE0BA6709A6F}"
EndProject
Project("{2150E333-8FDC-42A3-9474-1A3956D46DE8}") = ".nuget", ".nuget", "{C149194C-FE8D-4C3F-ADC7-95526E7BAD7D}"
	ProjectSection(SolutionItems) = preProject
		.nuget\NuGet.Config = .nuget\NuGet.Config
		.nuget\NuGet.exe = .nuget\NuGet.exe
		.nuget\NuGet.targets = .nuget\NuGet.targets
	EndProjectSection
EndProject
Project("{FAE04EC0-301F-11D3-BF4B-00C04F79EFBC}") = "Interpeter", "Interpeter\Interpeter.csproj", "{D4BF16F9-8C62-4F15-9FAC-159EA063D417}"
EndProject
Global
	GlobalSection(SolutionConfigurationPlatforms) = preSolution
		Debug|Any CPU = Debug|Any CPU
		Release|Any CPU = Release|Any CPU
	EndGlobalSection
	GlobalSection(ProjectConfigurationPlatforms) = postSolution
		{DB682E9B-EC23-4CAD-815A-500E9185F6F1}.Debug|Any CPU.ActiveCfg = Debug|Any CPU
		{DB682E9B-EC23-4CAD-815A-500E9185F6F1}.Debug|Any CPU.Build.0 = Debug|Any CPU
		{DB682E9B-EC23-4CAD-815A-500E9185F6F1}.Release|Any CPU.ActiveCfg = Release|Any CPU
		{DB682E9B-EC23-4CAD-815A-500E9185F6F1}.Release|Any CPU.Build.0 = Release|Any CPU
		{5720DAD4-59DD-4651-B7DC-CE0BA6709A6F}.Debug|Any CPU.ActiveCfg = Debug|Any CPU
		{5720DAD4-59DD-4651-B7DC-CE0BA6709A6F}.Debug|Any CPU.Build.0 = Debug|Any CPU
		{5720DAD4-59DD-4651-B7DC-CE0BA6709A6F}.Release|Any CPU.ActiveCfg = Release|Any CPU
		{5720DAD4-59DD-4651-B7DC-CE0BA6709A6F}.Release|Any CPU.Build.0 = Release|Any CPU
		{D4BF16F9-8C62-4F15-9FAC-159EA063D417}.Debug|Any CPU.ActiveCfg = Debug|Any CPU
		{D4BF16F9-8C62-4F15-9FAC-159EA063D417}.Debug|Any CPU.Build.0 = Debug|Any CPU
		{D4BF16F9-8C62-4F15-9FAC-159EA063D417}.Release|Any CPU.ActiveCfg = Release|Any CPU
		{D4BF16F9-8C62-4F15-9FAC-159EA063D417}.Release|Any CPU.Build.0 = Release|Any CPU
	EndGlobalSection
	GlobalSection(SolutionProperties) = preSolution
		HideSolutionNode = FALSE
	EndGlobalSection
EndGlobal
